
Microsoft Visual Studio Solution File, Format Version 12.00
# Visual Studio Version 16
VisualStudioVersion = 16.0.33529.622
MinimumVisualStudioVersion = 10.0.40219.1
Project("{FAE04EC0-301F-11D3-BF4B-00C04F79EFBC}") = "TAVS02E1 - Final Assignment", "TAVS02E1 - Final Assignment.csproj", "{C2D78097-0FF5-4C00-A863-4F435BE34A5F}"
EndProject
Global
	GlobalSection(SolutionConfigurationPlatforms) = preSolution
		Debug|Any CPU = Debug|Any CPU
		Release|Any CPU = Release|Any CPU
	EndGlobalSection
	GlobalSection(ProjectConfigurationPlatforms) = postSolution
		{C2D78097-0FF5-4C00-A863-4F435BE34A5F}.Debug|Any CPU.ActiveCfg = Debug|Any CPU
		{C2D78097-0FF5-4C00-A863-4F435BE34A5F}.Debug|Any CPU.Build.0 = Debug|Any CPU
		{C2D78097-0FF5-4C00-A863-4F435BE34A5F}.Release|Any CPU.ActiveCfg = Release|Any CPU
		{C2D78097-0FF5-4C00-A863-4F435BE34A5F}.Release|Any CPU.Build.0 = Release|Any CPU
	EndGlobalSection
	GlobalSection(SolutionProperties) = preSolution
		HideSolutionNode = FALSE
	EndGlobalSection
	GlobalSection(ExtensibilityGlobals) = postSolution
		SolutionGuid = {5BC0B35E-C380-40A0-80E3-62BF4EF4B9B3}
	EndGlobalSection
EndGlobal
